{
  "name": "miditest",
  "version": "1.0.0",
  "lockfileVersion": 1,
  "requires": true,
  "dependencies": {
    "@mmckegg/mutant": {
      "version": "2.2.1",
      "resolved": "https://registry.npmjs.org/@mmckegg/mutant/-/mutant-2.2.1.tgz",
      "integrity": "sha1-IkOmi6lFAY+5OOxhWuq4Na+bLvo=",
      "requires": {
        "browser-split": "0.0.1"
      }
    },
    "argparse": {
      "version": "1.0.10",
      "resolved": "https://registry.npmjs.org/argparse/-/argparse-1.0.10.tgz",
      "integrity": "sha512-o5Roy6tNG4SL/FOkCAN6RzjiakZS25RLYFrcMttJqbdd8BWrnA+fGz57iN5Pb06pvBGvl5gQ0B48dJlslXvoTg==",
      "requires": {
        "sprintf-js": "1.0.3"
      }
    },
    "array-grid": {
      "version": "1.5.0",
      "resolved": "https://registry.npmjs.org/array-grid/-/array-grid-1.5.0.tgz",
      "integrity": "sha1-eFLBTAa2HD8nOZZtwfsgd3ZUCc4="
    },
    "array-union": {
      "version": "1.0.2",
      "resolved": "https://registry.npmjs.org/array-union/-/array-union-1.0.2.tgz",
      "integrity": "sha1-mjRBDk9OPaI96jdb5b5w8kd47Dk=",
      "requires": {
        "array-uniq": "1.0.3"
      }
    },
    "array-uniq": {
      "version": "1.0.3",
      "resolved": "https://registry.npmjs.org/array-uniq/-/array-uniq-1.0.3.tgz",
      "integrity": "sha1-r2rId6Jcx/dOBYiUdThY39sk/bY="
    },
    "audio-slot": {
      "version": "4.4.1",
      "resolved": "https://registry.npmjs.org/audio-slot/-/audio-slot-4.4.1.tgz",
      "integrity": "sha1-rJX0iVGPYmEWcafnKhSGjS8spIk=",
      "requires": {
        "array-union": "1.0.2",
        "audio-slot-param": "1.1.4",
        "bitcrusher": "0.3.0",
        "deep-equal": "0.2.2",
        "freeverb": "1.1.2",
        "geval": "2.2.0",
        "observ": "0.2.0",
        "observ-default": "1.0.0",
        "observ-node-array": "1.14.1",
        "observ-struct": "6.0.0",
        "setimmediate2": "2.0.2",
        "xtend": "4.0.1"
      }
    },
    "audio-slot-param": {
      "version": "1.1.4",
      "resolved": "https://registry.npmjs.org/audio-slot-param/-/audio-slot-param-1.1.4.tgz",
      "integrity": "sha1-PcyeDogLNfQDGTA2XTOciXxzVTc=",
      "requires": {
        "geval": "2.2.0",
        "observ": "0.2.0",
        "observ-node-array": "1.14.1",
        "setimmediate2": "2.0.2"
      }
    },
    "bindings": {
      "version": "1.2.1",
      "resolved": "https://registry.npmjs.org/bindings/-/bindings-1.2.1.tgz",
      "integrity": "sha1-FK1hE4EtLTfXLme0ystLtyZQXxE=",
      "optional": true
    },
    "bitcrusher": {
      "version": "0.3.0",
      "resolved": "https://registry.npmjs.org/bitcrusher/-/bitcrusher-0.3.0.tgz",
      "integrity": "sha1-ztkPi62WXJ5yXh1FqkZOHetLkps="
    },
    "browser-split": {
      "version": "0.0.1",
      "resolved": "https://registry.npmjs.org/browser-split/-/browser-split-0.0.1.tgz",
      "integrity": "sha1-ewl1dPjj6tYG+0Zk5krf3aKYGpM="
    },
    "deep-equal": {
      "version": "0.2.2",
      "resolved": "https://registry.npmjs.org/deep-equal/-/deep-equal-0.2.2.tgz",
      "integrity": "sha1-hLdFiW80xoTpjyzg5Cq69Du6AX0="
    },
    "ejs": {
      "version": "2.3.4",
      "resolved": "https://registry.npmjs.org/ejs/-/ejs-2.3.4.tgz",
      "integrity": "sha1-PHbKoJZks1g7ADevncE2557Gi5g="
    },
    "entities": {
      "version": "1.1.1",
      "resolved": "https://registry.npmjs.org/entities/-/entities-1.1.1.tgz",
      "integrity": "sha1-blwtClYhtdra7O+AuQ7ftc13cvA="
    },
    "freeverb": {
      "version": "1.1.2",
      "resolved": "https://registry.npmjs.org/freeverb/-/freeverb-1.1.2.tgz",
      "integrity": "sha1-AUxabIDmNbxgZGPHYj9d2rPlqjw="
    },
    "geval": {
      "version": "2.2.0",
      "resolved": "https://registry.npmjs.org/geval/-/geval-2.2.0.tgz",
      "integrity": "sha1-ViKxCigCgoQZiv41H2tBcELDPdo="
    },
    "highlight.js": {
      "version": "8.7.0",
      "resolved": "https://registry.npmjs.org/highlight.js/-/highlight.js-8.7.0.tgz",
      "integrity": "sha1-E/QfcH3wEgEyEQvlkTNfpKWxrNI="
    },
    "linkify-it": {
      "version": "1.2.4",
      "resolved": "https://registry.npmjs.org/linkify-it/-/linkify-it-1.2.4.tgz",
      "integrity": "sha1-B3NSbDF8j9E71TTuHRgP+Iq/iBo=",
      "requires": {
        "uc.micro": "1.0.5"
      }
    },
    "markdown-it": {
      "version": "4.4.0",
      "resolved": "https://registry.npmjs.org/markdown-it/-/markdown-it-4.4.0.tgz",
      "integrity": "sha1-PfNz2+pYepp/7z5WMRtokI91xBQ=",
      "requires": {
        "argparse": "1.0.10",
        "entities": "1.1.1",
        "linkify-it": "1.2.4",
        "mdurl": "1.0.1",
        "uc.micro": "1.0.5"
      }
    },
    "markdown-it-for-inline": {
      "version": "0.1.1",
      "resolved": "https://registry.npmjs.org/markdown-it-for-inline/-/markdown-it-for-inline-0.1.1.tgz",
      "integrity": "sha1-Q18jFvW15o4UUM+iJC8rjVmtx18="
    },
    "mdurl": {
      "version": "1.0.1",
      "resolved": "https://registry.npmjs.org/mdurl/-/mdurl-1.0.1.tgz",
      "integrity": "sha1-/oWy7HWlkDfyrf7BAP1sYBdhFS4="
    },
    "midi": {
      "version": "0.9.5",
      "resolved": "https://registry.npmjs.org/midi/-/midi-0.9.5.tgz",
      "integrity": "sha1-/DI6/z6BsNQJnK7q1TW6Z5xunYg=",
      "optional": true,
      "requires": {
        "bindings": "1.2.1",
        "nan": "2.10.0"
      }
    },
    "midi-stream": {
      "version": "1.3.2",
      "resolved": "https://registry.npmjs.org/midi-stream/-/midi-stream-1.3.2.tgz",
      "integrity": "sha1-dwjhV0u8z7L9Sa396Reh8dRh24I=",
      "requires": {
        "midi": "0.9.5",
        "through": "2.3.8",
        "web-midi": "2.1.0"
      }
    },
    "nan": {
      "version": "2.10.0",
      "resolved": "https://registry.npmjs.org/nan/-/nan-2.10.0.tgz",
      "integrity": "sha512-bAdJv7fBLhWC+/Bls0Oza+mvTaNQtP+1RyhhhvD95pgUJz6XM5IzgmxOkItJ9tkoCiplvAnXI1tNmmUD/eScyA==",
      "optional": true
    },
    "next-tick": {
      "version": "0.2.2",
      "resolved": "https://registry.npmjs.org/next-tick/-/next-tick-0.2.2.tgz",
      "integrity": "sha1-ddpKkn7liH45BliABltzNkE7MQ0="
    },
    "observ": {
      "version": "0.2.0",
      "resolved": "https://registry.npmjs.org/observ/-/observ-0.2.0.tgz",
      "integrity": "sha1-C8ObPin6pfnmyqWQbLg5LfQAqmg="
    },
    "observ-default": {
      "version": "1.0.0",
      "resolved": "https://registry.npmjs.org/observ-default/-/observ-default-1.0.0.tgz",
      "integrity": "sha1-ALg6AMVSGeNL13UV87TGfBwqGy4=",
      "requires": {
        "observ": "0.2.0"
      }
    },
    "observ-node-array": {
      "version": "1.14.1",
      "resolved": "https://registry.npmjs.org/observ-node-array/-/observ-node-array-1.14.1.tgz",
      "integrity": "sha1-VeftyThWaLU3p5InLjP0LRJfUFk=",
      "requires": {
        "@mmckegg/mutant": "2.2.1",
        "deep-equal": "1.0.1",
        "geval": "2.2.0",
        "next-tick": "0.2.2",
        "observ-default": "1.0.0"
      },
      "dependencies": {
        "deep-equal": {
          "version": "1.0.1",
          "resolved": "https://registry.npmjs.org/deep-equal/-/deep-equal-1.0.1.tgz",
          "integrity": "sha1-9dJgKStmDghO/0zbyfCK0yR0SLU="
        }
      }
    },
    "observ-struct": {
      "version": "6.0.0",
      "resolved": "https://registry.npmjs.org/observ-struct/-/observ-struct-6.0.0.tgz",
      "integrity": "sha1-To1UrCSfn7zbbkOkDR++faI6vxs=",
      "requires": {
        "observ": "0.2.0",
        "xtend": "3.0.0"
      },
      "dependencies": {
        "xtend": {
          "version": "3.0.0",
          "resolved": "https://registry.npmjs.org/xtend/-/xtend-3.0.0.tgz",
          "integrity": "sha1-XM50B7r2Qsunvs2laBEcST9ZZlo="
        }
      }
    },
    "observ-transform": {
      "version": "1.0.0",
      "resolved": "https://registry.npmjs.org/observ-transform/-/observ-transform-1.0.0.tgz",
      "integrity": "sha1-4YsDeZjhNJNJ62M/Kpu9gjShrF4=",
      "requires": {
        "observ": "0.2.0"
      }
    },
    "setimmediate2": {
      "version": "2.0.2",
      "resolved": "https://registry.npmjs.org/setimmediate2/-/setimmediate2-2.0.2.tgz",
      "integrity": "sha1-ErifePl9sTRae+DxsH9uoc6SnA4="
    },
    "sprintf-js": {
      "version": "1.0.3",
      "resolved": "https://registry.npmjs.org/sprintf-js/-/sprintf-js-1.0.3.tgz",
      "integrity": "sha1-BOaSb2YolTVPPdAVIDYzuFcpfiw="
    },
    "through": {
      "version": "2.3.8",
      "resolved": "https://registry.npmjs.org/through/-/through-2.3.8.tgz",
      "integrity": "sha1-DdTJ/6q8NXlgsbckEV1+Doai4fU="
    },
    "uc.micro": {
      "version": "1.0.5",
      "resolved": "https://registry.npmjs.org/uc.micro/-/uc.micro-1.0.5.tgz",
      "integrity": "sha512-JoLI4g5zv5qNyT09f4YAvEZIIV1oOjqnewYg5D38dkQljIzpPT296dbIGvKro3digYI1bkb7W6EP1y4uDlmzLg=="
    },
    "web-midi": {
      "version": "2.1.0",
      "resolved": "https://registry.npmjs.org/web-midi/-/web-midi-2.1.0.tgz",
      "integrity": "sha1-g5uOKcxuk1G0jjTeBSl8bmgvFVo="
    },
    "worker-timer": {
      "version": "0.1.1",
      "resolved": "https://registry.npmjs.org/worker-timer/-/worker-timer-0.1.1.tgz",
      "integrity": "sha1-OtVz/zakRyYm6qdPBDrCB5ZVY5I="
    },
    "xtend": {
      "version": "4.0.1",
      "resolved": "https://registry.npmjs.org/xtend/-/xtend-4.0.1.tgz",
      "integrity": "sha1-pcbVMr5lbiPbgg77lDofBJmNY68="
    }
  }
}
